
Microsoft Visual Studio Solution File, Format Version 12.00
# Visual Studio Version 17
VisualStudioVersion = 17.0.32014.148
MinimumVisualStudioVersion = 10.0.40219.1
Project("{FAE04EC0-301F-11D3-BF4B-00C04F79EFBC}") = "Mvc_UI", "Mvc_UI\Mvc_UI.csproj", "{E39969B4-A501-4201-A1BF-84B4C7F32872}"
EndProject
Project("{FAE04EC0-301F-11D3-BF4B-00C04F79EFBC}") = "EntityLayer", "EntityLayer\EntityLayer.csproj", "{FBADF77E-0D73-48BF-846E-5DBA3D907FB2}"
EndProject
Project("{FAE04EC0-301F-11D3-BF4B-00C04F79EFBC}") = "DataAccessLayer", "DataAccessLayer\DataAccessLayer.csproj", "{C20B434D-DF7C-4C1C-BC02-C63A74822C7B}"
EndProject
Project("{FAE04EC0-301F-11D3-BF4B-00C04F79EFBC}") = "DTO", "DTO\DTO.csproj", "{43D5A466-E206-4C02-989F-A50B24EB57C1}"
EndProject
Project("{FAE04EC0-301F-11D3-BF4B-00C04F79EFBC}") = "BusinessLayer", "BusinessLayer\BusinessLayer.csproj", "{CF3352DD-8D10-4C18-9764-191A2DB81A03}"
EndProject
Global
	GlobalSection(SolutionConfigurationPlatforms) = preSolution
		Debug|Any CPU = Debug|Any CPU
		Release|Any CPU = Release|Any CPU
	EndGlobalSection
	GlobalSection(ProjectConfigurationPlatforms) = postSolution
		{E39969B4-A501-4201-A1BF-84B4C7F32872}.Debug|Any CPU.ActiveCfg = Debug|Any CPU
		{E39969B4-A501-4201-A1BF-84B4C7F32872}.Debug|Any CPU.Build.0 = Debug|Any CPU
		{E39969B4-A501-4201-A1BF-84B4C7F32872}.Release|Any CPU.ActiveCfg = Release|Any CPU
		{E39969B4-A501-4201-A1BF-84B4C7F32872}.Release|Any CPU.Build.0 = Release|Any CPU
		{FBADF77E-0D73-48BF-846E-5DBA3D907FB2}.Debug|Any CPU.ActiveCfg = Debug|Any CPU
		{FBADF77E-0D73-48BF-846E-5DBA3D907FB2}.Debug|Any CPU.Build.0 = Debug|Any CPU
		{FBADF77E-0D73-48BF-846E-5DBA3D907FB2}.Release|Any CPU.ActiveCfg = Release|Any CPU
		{FBADF77E-0D73-48BF-846E-5DBA3D907FB2}.Release|Any CPU.Build.0 = Release|Any CPU
		{C20B434D-DF7C-4C1C-BC02-C63A74822C7B}.Debug|Any CPU.ActiveCfg = Debug|Any CPU
		{C20B434D-DF7C-4C1C-BC02-C63A74822C7B}.Debug|Any CPU.Build.0 = Debug|Any CPU
		{C20B434D-DF7C-4C1C-BC02-C63A74822C7B}.Release|Any CPU.ActiveCfg = Release|Any CPU
		{C20B434D-DF7C-4C1C-BC02-C63A74822C7B}.Release|Any CPU.Build.0 = Release|Any CPU
		{43D5A466-E206-4C02-989F-A50B24EB57C1}.Debug|Any CPU.ActiveCfg = Debug|Any CPU
		{43D5A466-E206-4C02-989F-A50B24EB57C1}.Debug|Any CPU.Build.0 = Debug|Any CPU
		{43D5A466-E206-4C02-989F-A50B24EB57C1}.Release|Any CPU.ActiveCfg = Release|Any CPU
		{43D5A466-E206-4C02-989F-A50B24EB57C1}.Release|Any CPU.Build.0 = Release|Any CPU
		{CF3352DD-8D10-4C18-9764-191A2DB81A03}.Debug|Any CPU.ActiveCfg = Debug|Any CPU
		{CF3352DD-8D10-4C18-9764-191A2DB81A03}.Debug|Any CPU.Build.0 = Debug|Any CPU
		{CF3352DD-8D10-4C18-9764-191A2DB81A03}.Release|Any CPU.ActiveCfg = Release|Any CPU
		{CF3352DD-8D10-4C18-9764-191A2DB81A03}.Release|Any CPU.Build.0 = Release|Any CPU
	EndGlobalSection
	GlobalSection(SolutionProperties) = preSolution
		HideSolutionNode = FALSE
	EndGlobalSection
	GlobalSection(ExtensibilityGlobals) = postSolution
		SolutionGuid = {8DA8E859-ECA2-4ED6-9F41-93A774F3F4C3}
	EndGlobalSection
EndGlobal
